// !$*UTF8*$!
{
	archiveVersion = 1;
	classes = {
	};
	objectVersion = 56;
	objects = {

/* Begin PBXBuildFile section */
		6BB481592A9494C000B8A71D /* DarockKit_PreviewsApp.swift in Sources */ = {isa = PBXBuildFile; fileRef = 6BB481582A9494C000B8A71D /* DarockKit_PreviewsApp.swift */; };
		6BB4815B2A9494C000B8A71D /* ContentView.swift in Sources */ = {isa = PBXBuildFile; fileRef = 6BB4815A2A9494C000B8A71D /* ContentView.swift */; };
		6BB4815D2A9494C500B8A71D /* Assets.xcassets in Resources */ = {isa = PBXBuildFile; fileRef = 6BB4815C2A9494C500B8A71D /* Assets.xcassets */; };
		6BB481602A9494C500B8A71D /* Preview Assets.xcassets in Resources */ = {isa = PBXBuildFile; fileRef = 6BB4815F2A9494C500B8A71D /* Preview Assets.xcassets */; };
		6BB481692A9495CB00B8A71D /* DarockKit in Frameworks */ = {isa = PBXBuildFile; productRef = 6BB481682A9495CB00B8A71D /* DarockKit */; };
		6BB4816C2A949ECC00B8A71D /* AlertKit in Frameworks */ = {isa = PBXBuildFile; productRef = 6BB4816B2A949ECC00B8A71D /* AlertKit */; };
/* End PBXBuildFile section */

/* Begin PBXFileReference section */
		6BB481552A9494C000B8A71D /* DarockKit_Previews.app */ = {isa = PBXFileReference; explicitFileType = wrapper.application; includeInIndex = 0; path = DarockKit_Previews.app; sourceTree = BUILT_PRODUCTS_DIR; };
		6BB481582A9494C000B8A71D /* DarockKit_PreviewsApp.swift */ = {isa = PBXFileReference; lastKnownFileType = sourcecode.swift; path = DarockKit_PreviewsApp.swift; sourceTree = "<group>"; };
		6BB4815A2A9494C000B8A71D /* ContentView.swift */ = {isa = PBXFileReference; lastKnownFileType = sourcecode.swift; path = ContentView.swift; sourceTree = "<group>"; };
		6BB4815C2A9494C500B8A71D /* Assets.xcassets */ = {isa = PBXFileReference; lastKnownFileType = folder.assetcatalog; path = Assets.xcassets; sourceTree = "<group>"; };
		6BB4815F2A9494C500B8A71D /* Preview Assets.xcassets */ = {isa = PBXFileReference; lastKnownFileType = folder.assetcatalog; path = "Preview Assets.xcassets"; sourceTree = "<group>"; };
		6BB481662A94952500B8A71D /* DarockKit */ = {isa = PBXFileReference; lastKnownFileType = wrapper; name = DarockKit; path = ../../..; sourceTree = "<group>"; };
/* End PBXFileReference section */

/* Begin PBXFrameworksBuildPhase section */
		6BB481522A9494C000B8A71D /* Frameworks */ = {
			isa = PBXFrameworksBuildPhase;
			buildActionMask = 2147483647;
			files = (
				6BB4816C2A949ECC00B8A71D /* AlertKit in Frameworks */,
				6BB481692A9495CB00B8A71D /* DarockKit in Frameworks */,
			);
			runOnlyForDeploymentPostprocessing = 0;
		};
/* End PBXFrameworksBuildPhase section */

/* Begin PBXGroup section */
		6BB4814C2A9494C000B8A71D = {
			isa = PBXGroup;
			children = (
				6BB481572A9494C000B8A71D /* DarockKit_Previews */,
				6BB481562A9494C000B8A71D /* Products */,
				6BB481672A9495CB00B8A71D /* Frameworks */,
			);
			sourceTree = "<group>";
		};
		6BB481562A9494C000B8A71D /* Products */ = {
			isa = PBXGroup;
			children = (
				6BB481552A9494C000B8A71D /* DarockKit_Previews.app */,
			);
			name = Products;
			sourceTree = "<group>";
		};
		6BB481572A9494C000B8A71D /* DarockKit_Previews */ = {
			isa = PBXGroup;
			children = (
				6BB481582A9494C000B8A71D /* DarockKit_PreviewsApp.swift */,
				6BB4815A2A9494C000B8A71D /* ContentView.swift */,
				6BB4815C2A9494C500B8A71D /* Assets.xcassets */,
				6BB4815E2A9494C500B8A71D /* Preview Content */,
			);
			path = DarockKit_Previews;
			sourceTree = "<group>";
		};
		6BB4815E2A9494C500B8A71D /* Preview Content */ = {
			isa = PBXGroup;
			children = (
				6BB481662A94952500B8A71D /* DarockKit */,
				6BB4815F2A9494C500B8A71D /* Preview Assets.xcassets */,
			);
			path = "Preview Content";
			sourceTree = "<group>";
		};
		6BB481672A9495CB00B8A71D /* Frameworks */ = {
			isa = PBXGroup;
			children = (
			);
			name = Frameworks;
			sourceTree = "<group>";
		};
/* End PBXGroup section */

/* Begin PBXNativeTarget section */
		6BB481542A9494C000B8A71D /* DarockKit_Previews */ = {
			isa = PBXNativeTarget;
			buildConfigurationList = 6BB481632A9494C500B8A71D /* Build configuration list for PBXNativeTarget "DarockKit_Previews" */;
			buildPhases = (
				6BB481512A9494C000B8A71D /* Sources */,
				6BB481522A9494C000B8A71D /* Frameworks */,
				6BB481532A9494C000B8A71D /* Resources */,
			);
			buildRules = (
			);
			dependencies = (
			);
			name = DarockKit_Previews;
			packageProductDependencies = (
				6BB481682A9495CB00B8A71D /* DarockKit */,
				6BB4816B2A949ECC00B8A71D /* AlertKit */,
			);
			productName = DarockKit_Previews;
			productReference = 6BB481552A9494C000B8A71D /* DarockKit_Previews.app */;
			productType = "com.apple.product-type.application";
		};
/* End PBXNativeTarget section */

/* Begin PBXProject section */
		6BB4814D2A9494C000B8A71D /* Project object */ = {
			isa = PBXProject;
			attributes = {
				BuildIndependentTargetsInParallel = 1;
				LastSwiftUpdateCheck = 1500;
				LastUpgradeCheck = 1500;
				TargetAttributes = {
					6BB481542A9494C000B8A71D = {
						CreatedOnToolsVersion = 15.0;
					};
				};
			};
			buildConfigurationList = 6BB481502A9494C000B8A71D /* Build configuration list for PBXProject "DarockKit_Previews" */;
			compatibilityVersion = "Xcode 14.0";
			developmentRegion = en;
			hasScannedForEncodings = 0;
			knownRegions = (
				en,
				Base,
			);
			mainGroup = 6BB4814C2A9494C000B8A71D;
			packageReferences = (
				6BB4816A2A949ECC00B8A71D /* XCRemoteSwiftPackageReference "AlertKit" */,
			);
			productRefGroup = 6BB481562A9494C000B8A71D /* Products */;
			projectDirPath = "";
			projectRoot = "";
			targets = (
				6BB481542A9494C000B8A71D /* DarockKit_Previews */,
			);
		};
/* End PBXProject section */

/* Begin PBXResourcesBuildPhase section */
		6BB481532A9494C000B8A71D /* Resources */ = {
			isa = PBXResourcesBuildPhase;
			buildActionMask = 2147483647;
			files = (
				6BB481602A9494C500B8A71D /* Preview Assets.xcassets in Resources */,
				6BB4815D2A9494C500B8A71D /* Assets.xcassets in Resources */,
			);
			runOnlyForDeploymentPostprocessing = 0;
		};
/* End PBXResourcesBuildPhase section */

/* Begin PBXSourcesBuildPhase section */
		6BB481512A9494C000B8A71D /* Sources */ = {
			isa = PBXSourcesBuildPhase;
			buildActionMask = 2147483647;
			files = (
				6BB4815B2A9494C000B8A71D /* ContentView.swift in Sources */,
				6BB481592A9494C000B8A71D /* DarockKit_PreviewsApp.swift in Sources */,
			);
			runOnlyForDeploymentPostprocessing = 0;
		};
/* End PBXSourcesBuildPhase section */

/* Begin XCBuildConfiguration section */
		6BB481612A9494C500B8A71D /* Debug */ = {
			isa = XCBuildConfiguration;
			buildSettings = {
				ALWAYS_SEARCH_USER_PATHS = NO;
				ASSETCATALOG_COMPILER_GENERATE_SWIFT_ASSET_SYMBOL_EXTENSIONS = YES;
				CLANG_ANALYZER_NONNULL = YES;
				CLANG_ANALYZER_NUMBER_OBJECT_CONVERSION = YES_AGGRESSIVE;
				CLANG_CXX_LANGUAGE_STANDARD = "gnu++20";
				CLANG_ENABLE_MODULES = YES;
				CLANG_ENABLE_OBJC_ARC = YES;
				CLANG_ENABLE_OBJC_WEAK = YES;
				CLANG_WARN_BLOCK_CAPTURE_AUTORELEASING = YES;
				CLANG_WARN_BOOL_CONVERSION = YES;
				CLANG_WARN_COMMA = YES;
				CLANG_WARN_CONSTANT_CONVERSION = YES;
				CLANG_WARN_DEPRECATED_OBJC_IMPLEMENTATIONS = YES;
				CLANG_WARN_DIRECT_OBJC_ISA_USAGE = YES_ERROR;
				CLANG_WARN_DOCUMENTATION_COMMENTS = YES;
				CLANG_WARN_EMPTY_BODY = YES;
				CLANG_WARN_ENUM_CONVERSION = YES;
				CLANG_WARN_INFINITE_RECURSION = YES;
				CLANG_WARN_INT_CONVERSION = YES;
				CLANG_WARN_NON_LITERAL_NULL_CONVERSION = YES;
				CLANG_WARN_OBJC_IMPLICIT_RETAIN_SELF = YES;
				CLANG_WARN_OBJC_LITERAL_CONVERSION = YES;
				CLANG_WARN_OBJC_ROOT_CLASS = YES_ERROR;
				CLANG_WARN_QUOTED_INCLUDE_IN_FRAMEWORK_HEADER = YES;
				CLANG_WARN_RANGE_LOOP_ANALYSIS = YES;
				CLANG_WARN_STRICT_PROTOTYPES = YES;
				CLANG_WARN_SUSPICIOUS_MOVE = YES;
				CLANG_WARN_UNGUARDED_AVAILABILITY = YES_AGGRESSIVE;
				CLANG_WARN_UNREACHABLE_CODE = YES;
				CLANG_WARN__DUPLICATE_METHOD_MATCH = YES;
				COPY_PHASE_STRIP = NO;
				DEBUG_INFORMATION_FORMAT = dwarf;
				ENABLE_STRICT_OBJC_MSGSEND = YES;
				ENABLE_TESTABILITY = YES;
				ENABLE_USER_SCRIPT_SANDBOXING = YES;
				GCC_C_LANGUAGE_STANDARD = gnu17;
				GCC_DYNAMIC_NO_PIC = NO;
				GCC_NO_COMMON_BLOCKS = YES;
				GCC_OPTIMIZATION_LEVEL = 0;
				GCC_PREPROCESSOR_DEFINITIONS = (
					"DEBUG=1",
					"$(inherited)",
				);
				GCC_WARN_64_TO_32_BIT_CONVERSION = YES;
				GCC_WARN_ABOUT_RETURN_TYPE = YES_ERROR;
				GCC_WARN_UNDECLARED_SELECTOR = YES;
				GCC_WARN_UNINITIALIZED_AUTOS = YES_AGGRESSIVE;
				GCC_WARN_UNUSED_FUNCTION = YES;
				GCC_WARN_UNUSED_VARIABLE = YES;
				IPHONEOS_DEPLOYMENT_TARGET = 17.0;
				LOCALIZATION_PREFERS_STRING_CATALOGS = YES;
				MTL_ENABLE_DEBUG_INFO = INCLUDE_SOURCE;
				MTL_FAST_MATH = YES;
				ONLY_ACTIVE_ARCH = YES;
				SDKROOT = iphoneos;
				SWIFT_ACTIVE_COMPILATION_CONDITIONS = "DEBUG $(inherited)";
				SWIFT_OPTIMIZATION_LEVEL = "-Onone";
			};
			name = Debug;
		};
		6BB481622A9494C500B8A71D /* Release */ = {
			isa = XCBuildConfiguration;
			buildSettings = {
				ALWAYS_SEARCH_USER_PATHS = NO;
				ASSETCATALOG_COMPILER_GENERATE_SWIFT_ASSET_SYMBOL_EXTENSIONS = YES;
				CLANG_ANALYZER_NONNULL = YES;
				CLANG_ANALYZER_NUMBER_OBJECT_CONVERSION = YES_AGGRESSIVE;
				CLANG_CXX_LANGUAGE_STANDARD = "gnu++20";
				CLANG_ENABLE_MODULES = YES;
				CLANG_ENABLE_OBJC_ARC = YES;
				CLANG_ENABLE_OBJC_WEAK = YES;
				CLANG_WARN_BLOCK_CAPTURE_AUTORELEASING = YES;
				CLANG_WARN_BOOL_CONVERSION = YES;
				CLANG_WARN_COMMA = YES;
				CLANG_WARN_CONSTANT_CONVERSION = YES;
				CLANG_WARN_DEPRECATED_OBJC_IMPLEMENTATIONS = YES;
				CLANG_WARN_DIRECT_OBJC_ISA_USAGE = YES_ERROR;
				CLANG_WARN_DOCUMENTATION_COMMENTS = YES;
				CLANG_WARN_EMPTY_BODY = YES;
				CLANG_WARN_ENUM_CONVERSION = YES;
				CLANG_WARN_INFINITE_RECURSION = YES;
				CLANG_WARN_INT_CONVERSION = YES;
				CLANG_WARN_NON_LITERAL_NULL_CONVERSION = YES;
				CLANG_WARN_OBJC_IMPLICIT_RETAIN_SELF = YES;
				CLANG_WARN_OBJC_LITERAL_CONVERSION = YES;
				CLANG_WARN_OBJC_ROOT_CLASS = YES_ERROR;
				CLANG_WARN_QUOTED_INCLUDE_IN_FRAMEWORK_HEADER = YES;
				CLANG_WARN_RANGE_LOOP_ANALYSIS = YES;
				CLANG_WARN_STRICT_PROTOTYPES = YES;
				CLANG_WARN_SUSPICIOUS_MOVE = YES;
				CLANG_WARN_UNGUARDED_AVAILABILITY = YES_AGGRESSIVE;
				CLANG_WARN_UNREACHABLE_CODE = YES;
				CLANG_WARN__DUPLICATE_METHOD_MATCH = YES;
				COPY_PHASE_STRIP = NO;
				DEBUG_INFORMATION_FORMAT = "dwarf-with-dsym";
				ENABLE_NS_ASSERTIONS = NO;
				ENABLE_STRICT_OBJC_MSGSEND = YES;
				ENABLE_USER_SCRIPT_SANDBOXING = YES;
				GCC_C_LANGUAGE_STANDARD = gnu17;
				GCC_NO_COMMON_BLOCKS = YES;
				GCC_WARN_64_TO_32_BIT_CONVERSION = YES;
				GCC_WARN_ABOUT_RETURN_TYPE = YES_ERROR;
				GCC_WARN_UNDECLARED_SELECTOR = YES;
				GCC_WARN_UNINITIALIZED_AUTOS = YES_AGGRESSIVE;
				GCC_WARN_UNUSED_FUNCTION = YES;
				GCC_WARN_UNUSED_VARIABLE = YES;
				IPHONEOS_DEPLOYMENT_TARGET = 17.0;
				LOCALIZATION_PREFERS_STRING_CATALOGS = YES;
				MTL_ENABLE_DEBUG_INFO = NO;
				MTL_FAST_MATH = YES;
				SDKROOT = iphoneos;
				SWIFT_COMPILATION_MODE = wholemodule;
				VALIDATE_PRODUCT = YES;
			};
			name = Release;
		};
		6BB481642A9494C500B8A71D /* Debug */ = {
			isa = XCBuildConfiguration;
			buildSettings = {
				ASSETCATALOG_COMPILER_APPICON_NAME = AppIcon;
				ASSETCATALOG_COMPILER_GLOBAL_ACCENT_COLOR_NAME = AccentColor;
				CODE_SIGN_STYLE = Automatic;
				CURRENT_PROJECT_VERSION = 1;
				DEVELOPMENT_ASSET_PATHS = "\"DarockKit_Previews/Preview Content\"";
				DEVELOPMENT_TEAM = B57D8PP775;
				ENABLE_PREVIEWS = YES;
				GENERATE_INFOPLIST_FILE = YES;
				INFOPLIST_KEY_UIApplicationSceneManifest_Generation = YES;
				INFOPLIST_KEY_UIApplicationSupportsIndirectInputEvents = YES;
				INFOPLIST_KEY_UILaunchScreen_Generation = YES;
				INFOPLIST_KEY_UISupportedInterfaceOrientations_iPad = "UIInterfaceOrientationPortrait UIInterfaceOrientationPortraitUpsideDown UIInterfaceOrientationLandscapeLeft UIInterfaceOrientationLandscapeRight";
				INFOPLIST_KEY_UISupportedInterfaceOrientations_iPhone = "UIInterfaceOrientationPortrait UIInterfaceOrientationLandscapeLeft UIInterfaceOrientationLandscapeRight";
				LD_RUNPATH_SEARCH_PATHS = (
					"$(inherited)",
					"@executable_path/Frameworks",
				);
				MARKETING_VERSION = 1.0;
				PRODUCT_BUNDLE_IDENTIFIER = "com.darock.DarockKit-Previews";
				PRODUCT_NAME = "$(TARGET_NAME)";
				SWIFT_EMIT_LOC_STRINGS = YES;
				SWIFT_VERSION = 5.0;
				TARGETED_DEVICE_FAMILY = "1,2";
			};
			name = Debug;
		};
		6BB481652A9494C500B8A71D /* Release */ = {
			isa = XCBuildConfiguration;
			buildSettings = {
				ASSETCATALOG_COMPILER_APPICON_NAME = AppIcon;
				ASSETCATALOG_COMPILER_GLOBAL_ACCENT_COLOR_NAME = AccentColor;
				CODE_SIGN_STYLE = Automatic;
				CURRENT_PROJECT_VERSION = 1;
				DEVELOPMENT_ASSET_PATHS = "\"DarockKit_Previews/Preview Content\"";
				DEVELOPMENT_TEAM = B57D8PP775;
				ENABLE_PREVIEWS = YES;
				GENERATE_INFOPLIST_FILE = YES;
				INFOPLIST_KEY_UIApplicationSceneManifest_Generation = YES;
				INFOPLIST_KEY_UIApplicationSupportsIndirectInputEvents = YES;
				INFOPLIST_KEY_UILaunchScreen_Generation = YES;
				INFOPLIST_KEY_UISupportedInterfaceOrientations_iPad = "UIInterfaceOrientationPortrait UIInterfaceOrientationPortraitUpsideDown UIInterfaceOrientationLandscapeLeft UIInterfaceOrientationLandscapeRight";
				INFOPLIST_KEY_UISupportedInterfaceOrientations_iPhone = "UIInterfaceOrientationPortrait UIInterfaceOrientationLandscapeLeft UIInterfaceOrientationLandscapeRight";
				LD_RUNPATH_SEARCH_PATHS = (
					"$(inherited)",
					"@executable_path/Frameworks",
				);
				MARKETING_VERSION = 1.0;
				PRODUCT_BUNDLE_IDENTIFIER = "com.darock.DarockKit-Previews";
				PRODUCT_NAME = "$(TARGET_NAME)";
				SWIFT_EMIT_LOC_STRINGS = YES;
				SWIFT_VERSION = 5.0;
				TARGETED_DEVICE_FAMILY = "1,2";
			};
			name = Release;
		};
/* End XCBuildConfiguration section */

/* Begin XCConfigurationList section */
		6BB481502A9494C000B8A71D /* Build configuration list for PBXProject "DarockKit_Previews" */ = {
			isa = XCConfigurationList;
			buildConfigurations = (
				6BB481612A9494C500B8A71D /* Debug */,
				6BB481622A9494C500B8A71D /* Release */,
			);
			defaultConfigurationIsVisible = 0;
			defaultConfigurationName = Release;
		};
		6BB481632A9494C500B8A71D /* Build configuration list for PBXNativeTarget "DarockKit_Previews" */ = {
			isa = XCConfigurationList;
			buildConfigurations = (
				6BB481642A9494C500B8A71D /* Debug */,
				6BB481652A9494C500B8A71D /* Release */,
			);
			defaultConfigurationIsVisible = 0;
			defaultConfigurationName = Release;
		};
/* End XCConfigurationList section */

/* Begin XCRemoteSwiftPackageReference section */
		6BB4816A2A949ECC00B8A71D /* XCRemoteSwiftPackageReference "AlertKit" */ = {
			isa = XCRemoteSwiftPackageReference;
			repositoryURL = "https://github.com/sparrowcode/AlertKit";
			requirement = {
				kind = upToNextMajorVersion;
				minimumVersion = 5.0.1;
			};
		};
/* End XCRemoteSwiftPackageReference section */

/* Begin XCSwiftPackageProductDependency section */
		6BB481682A9495CB00B8A71D /* DarockKit */ = {
			isa = XCSwiftPackageProductDependency;
			productName = DarockKit;
		};
		6BB4816B2A949ECC00B8A71D /* AlertKit */ = {
			isa = XCSwiftPackageProductDependency;
			package = 6BB4816A2A949ECC00B8A71D /* XCRemoteSwiftPackageReference "AlertKit" */;
			productName = AlertKit;
		};
/* End XCSwiftPackageProductDependency section */
	};
	rootObject = 6BB4814D2A9494C000B8A71D /* Project object */;
}
